
Microsoft Visual Studio Solution File, Format Version 12.00
# Visual Studio Version 16
VisualStudioVersion = 16.0.29009.5
MinimumVisualStudioVersion = 10.0.40219.1
Project("{FAE04EC0-301F-11D3-BF4B-00C04F79EFBC}") = "ByteBank.Forum", "ByteBank.Forum\ByteBank.Forum.csproj", "{27C93DCE-FEE5-47AC-B4F3-10195F6B6F64}"
EndProject
Global
	GlobalSection(SolutionConfigurationPlatforms) = preSolution
		Debug|Any CPU = Debug|Any CPU
		Release|Any CPU = Release|Any CPU
	EndGlobalSection
	GlobalSection(ProjectConfigurationPlatforms) = postSolution
		{27C93DCE-FEE5-47AC-B4F3-10195F6B6F64}.Debug|Any CPU.ActiveCfg = Debug|Any CPU
		{27C93DCE-FEE5-47AC-B4F3-10195F6B6F64}.Debug|Any CPU.Build.0 = Debug|Any CPU
		{27C93DCE-FEE5-47AC-B4F3-10195F6B6F64}.Release|Any CPU.ActiveCfg = Release|Any CPU
		{27C93DCE-FEE5-47AC-B4F3-10195F6B6F64}.Release|Any CPU.Build.0 = Release|Any CPU
	EndGlobalSection
	GlobalSection(SolutionProperties) = preSolution
		HideSolutionNode = FALSE
	EndGlobalSection
	GlobalSection(ExtensibilityGlobals) = postSolution
		SolutionGuid = {78FB2DA2-F14E-4D55-BC80-00FB99D62EB3}
	EndGlobalSection
EndGlobal
